// !$*UTF8*$!
{
	archiveVersion = 1;
	classes = {
	};
	objectVersion = 46;
	objects = {

/* Begin PBXBuildFile section */
		2D2259401BB21B0A009792D8 /* CardRefillSpec.swift in Sources */ = {isa = PBXBuildFile; fileRef = 2D22593F1BB21B0A009792D8 /* CardRefillSpec.swift */; };
		2D5592811B626DB300AC9659 /* CounterModel.xcdatamodeld in Sources */ = {isa = PBXBuildFile; fileRef = 2D55927F1B626DB300AC9659 /* CounterModel.xcdatamodeld */; };
		2D779F271CEDE30500B3E8BB /* About.storyboard in Resources */ = {isa = PBXBuildFile; fileRef = 2D779F201CEDE30500B3E8BB /* About.storyboard */; };
		2D779F281CEDE30500B3E8BB /* Calculator.storyboard in Resources */ = {isa = PBXBuildFile; fileRef = 2D779F211CEDE30500B3E8BB /* Calculator.storyboard */; };
		2D779F291CEDE30500B3E8BB /* Estimator.storyboard in Resources */ = {isa = PBXBuildFile; fileRef = 2D779F221CEDE30500B3E8BB /* Estimator.storyboard */; };
		2D779F2C1CEDE30500B3E8BB /* Stats.storyboard in Resources */ = {isa = PBXBuildFile; fileRef = 2D779F251CEDE30500B3E8BB /* Stats.storyboard */; };
		2D779F2D1CEDE30500B3E8BB /* TripLog.storyboard in Resources */ = {isa = PBXBuildFile; fileRef = 2D779F261CEDE30500B3E8BB /* TripLog.storyboard */; };
		2D779F381CEDE32000B3E8BB /* AboutViewController.swift in Sources */ = {isa = PBXBuildFile; fileRef = 2D779F2E1CEDE32000B3E8BB /* AboutViewController.swift */; };
		2D779F391CEDE32000B3E8BB /* CalculatorViewController.swift in Sources */ = {isa = PBXBuildFile; fileRef = 2D779F2F1CEDE32000B3E8BB /* CalculatorViewController.swift */; };
		2D779F3A1CEDE32000B3E8BB /* CounterViewController.swift in Sources */ = {isa = PBXBuildFile; fileRef = 2D779F301CEDE32000B3E8BB /* CounterViewController.swift */; };
		2D779F3B1CEDE32000B3E8BB /* EditDateViewController.swift in Sources */ = {isa = PBXBuildFile; fileRef = 2D779F311CEDE32000B3E8BB /* EditDateViewController.swift */; };
		2D779F3D1CEDE32000B3E8BB /* ResultsViewController.swift in Sources */ = {isa = PBXBuildFile; fileRef = 2D779F331CEDE32000B3E8BB /* ResultsViewController.swift */; };
		2D779F3E1CEDE32000B3E8BB /* RideEstimatorViewController.swift in Sources */ = {isa = PBXBuildFile; fileRef = 2D779F341CEDE32000B3E8BB /* RideEstimatorViewController.swift */; };
		2D779F3F1CEDE32000B3E8BB /* RootViewController.swift in Sources */ = {isa = PBXBuildFile; fileRef = 2D779F351CEDE32000B3E8BB /* RootViewController.swift */; };
		2D779F401CEDE32000B3E8BB /* StatsTableViewController.swift in Sources */ = {isa = PBXBuildFile; fileRef = 2D779F361CEDE32000B3E8BB /* StatsTableViewController.swift */; };
		2D779F411CEDE32000B3E8BB /* TripLogTableViewController.swift in Sources */ = {isa = PBXBuildFile; fileRef = 2D779F371CEDE32000B3E8BB /* TripLogTableViewController.swift */; };
		2D779F451CEDE33700B3E8BB /* CardRefillModel.swift in Sources */ = {isa = PBXBuildFile; fileRef = 2D779F421CEDE33700B3E8BB /* CardRefillModel.swift */; };
		2D779F461CEDE33700B3E8BB /* RideEstimatorModel.swift in Sources */ = {isa = PBXBuildFile; fileRef = 2D779F431CEDE33700B3E8BB /* RideEstimatorModel.swift */; };
		2D779F471CEDE33700B3E8BB /* TripLog.swift in Sources */ = {isa = PBXBuildFile; fileRef = 2D779F441CEDE33700B3E8BB /* TripLog.swift */; };
		2D779F4C1CEDE35500B3E8BB /* CircleButton.swift in Sources */ = {isa = PBXBuildFile; fileRef = 2D779F481CEDE35500B3E8BB /* CircleButton.swift */; };
		2D779F4D1CEDE35500B3E8BB /* MenuTableViewCell.swift in Sources */ = {isa = PBXBuildFile; fileRef = 2D779F491CEDE35500B3E8BB /* MenuTableViewCell.swift */; };
		2D779F4E1CEDE35500B3E8BB /* MoneyButton.swift in Sources */ = {isa = PBXBuildFile; fileRef = 2D779F4A1CEDE35500B3E8BB /* MoneyButton.swift */; };
		2D779F4F1CEDE35500B3E8BB /* SuggestedRefillView.swift in Sources */ = {isa = PBXBuildFile; fileRef = 2D779F4B1CEDE35500B3E8BB /* SuggestedRefillView.swift */; };
		2D779F531CEDE4F200B3E8BB /* NSDateExtension.swift in Sources */ = {isa = PBXBuildFile; fileRef = 2D779F511CEDE4F200B3E8BB /* NSDateExtension.swift */; };
		2D779F541CEDE4F200B3E8BB /* UIColorExtension.swift in Sources */ = {isa = PBXBuildFile; fileRef = 2D779F521CEDE4F200B3E8BB /* UIColorExtension.swift */; };
		2D779F581CEE0AF300B3E8BB /* Menu.swift in Sources */ = {isa = PBXBuildFile; fileRef = 2D779F571CEE0AF300B3E8BB /* Menu.swift */; };
		2DB453AF1C80C77F006B40D5 /* MixpanelHelper.swift in Sources */ = {isa = PBXBuildFile; fileRef = 2DB453AE1C80C77F006B40D5 /* MixpanelHelper.swift */; };
		2DE8F4391B5275A100D50B0C /* AppDelegate.swift in Sources */ = {isa = PBXBuildFile; fileRef = 2DE8F4381B5275A100D50B0C /* AppDelegate.swift */; };
		2DE8F4401B5275A100D50B0C /* Images.xcassets in Resources */ = {isa = PBXBuildFile; fileRef = 2DE8F43F1B5275A100D50B0C /* Images.xcassets */; };
		2DE8F4431B5275A100D50B0C /* LaunchScreen.xib in Resources */ = {isa = PBXBuildFile; fileRef = 2DE8F4411B5275A100D50B0C /* LaunchScreen.xib */; };
		2DE8F44F1B5275A100D50B0C /* SubwayCalcTests.swift in Sources */ = {isa = PBXBuildFile; fileRef = 2DE8F44E1B5275A100D50B0C /* SubwayCalcTests.swift */; };
		2DED2E9B1C9DB9FE00698808 /* Main.storyboard in Resources */ = {isa = PBXBuildFile; fileRef = 2DED2E991C9DB9FE00698808 /* Main.storyboard */; };
		73DDC3D13DB415461604A2FF /* Pods_SubwayCalcTests.framework in Frameworks */ = {isa = PBXBuildFile; fileRef = 83E018F5461FA7675A93A4B7 /* Pods_SubwayCalcTests.framework */; };
		EB50B9C719143226A52CD1D2 /* Pods_SubwayCalc.framework in Frameworks */ = {isa = PBXBuildFile; fileRef = A0F07BB93FA2E24EF433F060 /* Pods_SubwayCalc.framework */; };
/* End PBXBuildFile section */

/* Begin PBXContainerItemProxy section */
		2DE8F4491B5275A100D50B0C /* PBXContainerItemProxy */ = {
			isa = PBXContainerItemProxy;
			containerPortal = 2DE8F42B1B5275A000D50B0C /* Project object */;
			proxyType = 1;
			remoteGlobalIDString = 2DE8F4321B5275A100D50B0C;
			remoteInfo = SubwayCalc;
		};
/* End PBXContainerItemProxy section */

/* Begin PBXFileReference section */
		02830DEBD82CE79B31CEE796 /* Pods-SubwayCalc.debug.xcconfig */ = {isa = PBXFileReference; includeInIndex = 1; lastKnownFileType = text.xcconfig; name = "Pods-SubwayCalc.debug.xcconfig"; path = "Pods/Target Support Files/Pods-SubwayCalc/Pods-SubwayCalc.debug.xcconfig"; sourceTree = "<group>"; };
		2D22593F1BB21B0A009792D8 /* CardRefillSpec.swift */ = {isa = PBXFileReference; fileEncoding = 4; lastKnownFileType = sourcecode.swift; path = CardRefillSpec.swift; sourceTree = "<group>"; };
		2D4583D91C5BDAAC00EE787A /* SubwayCalc.entitlements */ = {isa = PBXFileReference; lastKnownFileType = text.xml; path = SubwayCalc.entitlements; sourceTree = "<group>"; };
		2D5592801B626DB300AC9659 /* CounterModel.xcdatamodel */ = {isa = PBXFileReference; lastKnownFileType = wrapper.xcdatamodel; path = CounterModel.xcdatamodel; sourceTree = "<group>"; };
		2D779F201CEDE30500B3E8BB /* About.storyboard */ = {isa = PBXFileReference; fileEncoding = 4; lastKnownFileType = file.storyboard; name = About.storyboard; path = SubwayCalc/Storyboards/About.storyboard; sourceTree = "<group>"; };
		2D779F211CEDE30500B3E8BB /* Calculator.storyboard */ = {isa = PBXFileReference; fileEncoding = 4; lastKnownFileType = file.storyboard; name = Calculator.storyboard; path = SubwayCalc/Storyboards/Calculator.storyboard; sourceTree = "<group>"; };
		2D779F221CEDE30500B3E8BB /* Estimator.storyboard */ = {isa = PBXFileReference; fileEncoding = 4; lastKnownFileType = file.storyboard; name = Estimator.storyboard; path = SubwayCalc/Storyboards/Estimator.storyboard; sourceTree = "<group>"; };
		2D779F251CEDE30500B3E8BB /* Stats.storyboard */ = {isa = PBXFileReference; fileEncoding = 4; lastKnownFileType = file.storyboard; name = Stats.storyboard; path = SubwayCalc/Storyboards/Stats.storyboard; sourceTree = "<group>"; };
		2D779F261CEDE30500B3E8BB /* TripLog.storyboard */ = {isa = PBXFileReference; fileEncoding = 4; lastKnownFileType = file.storyboard; name = TripLog.storyboard; path = SubwayCalc/Storyboards/TripLog.storyboard; sourceTree = "<group>"; };
		2D779F2E1CEDE32000B3E8BB /* AboutViewController.swift */ = {isa = PBXFileReference; fileEncoding = 4; lastKnownFileType = sourcecode.swift; name = AboutViewController.swift; path = Views/AboutViewController.swift; sourceTree = "<group>"; };
		2D779F2F1CEDE32000B3E8BB /* CalculatorViewController.swift */ = {isa = PBXFileReference; fileEncoding = 4; lastKnownFileType = sourcecode.swift; name = CalculatorViewController.swift; path = Views/CalculatorViewController.swift; sourceTree = "<group>"; };
		2D779F301CEDE32000B3E8BB /* CounterViewController.swift */ = {isa = PBXFileReference; fileEncoding = 4; lastKnownFileType = sourcecode.swift; name = CounterViewController.swift; path = Views/CounterViewController.swift; sourceTree = "<group>"; };
		2D779F311CEDE32000B3E8BB /* EditDateViewController.swift */ = {isa = PBXFileReference; fileEncoding = 4; lastKnownFileType = sourcecode.swift; name = EditDateViewController.swift; path = Views/EditDateViewController.swift; sourceTree = "<group>"; };
		2D779F331CEDE32000B3E8BB /* ResultsViewController.swift */ = {isa = PBXFileReference; fileEncoding = 4; lastKnownFileType = sourcecode.swift; name = ResultsViewController.swift; path = Views/ResultsViewController.swift; sourceTree = "<group>"; };
		2D779F341CEDE32000B3E8BB /* RideEstimatorViewController.swift */ = {isa = PBXFileReference; fileEncoding = 4; lastKnownFileType = sourcecode.swift; name = RideEstimatorViewController.swift; path = Views/RideEstimatorViewController.swift; sourceTree = "<group>"; };
		2D779F351CEDE32000B3E8BB /* RootViewController.swift */ = {isa = PBXFileReference; fileEncoding = 4; lastKnownFileType = sourcecode.swift; name = RootViewController.swift; path = Views/RootViewController.swift; sourceTree = "<group>"; };
		2D779F361CEDE32000B3E8BB /* StatsTableViewController.swift */ = {isa = PBXFileReference; fileEncoding = 4; lastKnownFileType = sourcecode.swift; name = StatsTableViewController.swift; path = Views/StatsTableViewController.swift; sourceTree = "<group>"; };
		2D779F371CEDE32000B3E8BB /* TripLogTableViewController.swift */ = {isa = PBXFileReference; fileEncoding = 4; lastKnownFileType = sourcecode.swift; name = TripLogTableViewController.swift; path = Views/TripLogTableViewController.swift; sourceTree = "<group>"; };
		2D779F421CEDE33700B3E8BB /* CardRefillModel.swift */ = {isa = PBXFileReference; fileEncoding = 4; lastKnownFileType = sourcecode.swift; name = CardRefillModel.swift; path = Models/CardRefillModel.swift; sourceTree = "<group>"; };
		2D779F431CEDE33700B3E8BB /* RideEstimatorModel.swift */ = {isa = PBXFileReference; fileEncoding = 4; lastKnownFileType = sourcecode.swift; name = RideEstimatorModel.swift; path = Models/RideEstimatorModel.swift; sourceTree = "<group>"; };
		2D779F441CEDE33700B3E8BB /* TripLog.swift */ = {isa = PBXFileReference; fileEncoding = 4; lastKnownFileType = sourcecode.swift; name = TripLog.swift; path = Models/TripLog.swift; sourceTree = "<group>"; };
		2D779F481CEDE35500B3E8BB /* CircleButton.swift */ = {isa = PBXFileReference; fileEncoding = 4; lastKnownFileType = sourcecode.swift; name = CircleButton.swift; path = Views/CircleButton.swift; sourceTree = "<group>"; };
		2D779F491CEDE35500B3E8BB /* MenuTableViewCell.swift */ = {isa = PBXFileReference; fileEncoding = 4; lastKnownFileType = sourcecode.swift; name = MenuTableViewCell.swift; path = Views/MenuTableViewCell.swift; sourceTree = "<group>"; };
		2D779F4A1CEDE35500B3E8BB /* MoneyButton.swift */ = {isa = PBXFileReference; fileEncoding = 4; lastKnownFileType = sourcecode.swift; name = MoneyButton.swift; path = Views/MoneyButton.swift; sourceTree = "<group>"; };
		2D779F4B1CEDE35500B3E8BB /* SuggestedRefillView.swift */ = {isa = PBXFileReference; fileEncoding = 4; lastKnownFileType = sourcecode.swift; name = SuggestedRefillView.swift; path = Views/SuggestedRefillView.swift; sourceTree = "<group>"; };
		2D779F511CEDE4F200B3E8BB /* NSDateExtension.swift */ = {isa = PBXFileReference; fileEncoding = 4; lastKnownFileType = sourcecode.swift; name = NSDateExtension.swift; path = Extension/NSDateExtension.swift; sourceTree = "<group>"; };
		2D779F521CEDE4F200B3E8BB /* UIColorExtension.swift */ = {isa = PBXFileReference; fileEncoding = 4; lastKnownFileType = sourcecode.swift; name = UIColorExtension.swift; path = Extension/UIColorExtension.swift; sourceTree = "<group>"; };
		2D779F571CEE0AF300B3E8BB /* Menu.swift */ = {isa = PBXFileReference; fileEncoding = 4; lastKnownFileType = sourcecode.swift; path = Menu.swift; sourceTree = "<group>"; };
		2DB453AE1C80C77F006B40D5 /* MixpanelHelper.swift */ = {isa = PBXFileReference; fileEncoding = 4; lastKnownFileType = sourcecode.swift; path = MixpanelHelper.swift; sourceTree = "<group>"; };
		2DE8F4331B5275A100D50B0C /* SubwayCalc.app */ = {isa = PBXFileReference; explicitFileType = wrapper.application; includeInIndex = 0; path = SubwayCalc.app; sourceTree = BUILT_PRODUCTS_DIR; };
		2DE8F4371B5275A100D50B0C /* Info.plist */ = {isa = PBXFileReference; lastKnownFileType = text.plist.xml; path = Info.plist; sourceTree = "<group>"; };
		2DE8F4381B5275A100D50B0C /* AppDelegate.swift */ = {isa = PBXFileReference; lastKnownFileType = sourcecode.swift; path = AppDelegate.swift; sourceTree = "<group>"; };
		2DE8F43F1B5275A100D50B0C /* Images.xcassets */ = {isa = PBXFileReference; lastKnownFileType = folder.assetcatalog; path = Images.xcassets; sourceTree = "<group>"; };
		2DE8F4421B5275A100D50B0C /* Base */ = {isa = PBXFileReference; lastKnownFileType = file.xib; name = Base; path = Base.lproj/LaunchScreen.xib; sourceTree = "<group>"; };
		2DE8F4481B5275A100D50B0C /* SubwayCalcTests.xctest */ = {isa = PBXFileReference; explicitFileType = wrapper.cfbundle; includeInIndex = 0; path = SubwayCalcTests.xctest; sourceTree = BUILT_PRODUCTS_DIR; };
		2DE8F44D1B5275A100D50B0C /* Info.plist */ = {isa = PBXFileReference; lastKnownFileType = text.plist.xml; path = Info.plist; sourceTree = "<group>"; };
		2DE8F44E1B5275A100D50B0C /* SubwayCalcTests.swift */ = {isa = PBXFileReference; lastKnownFileType = sourcecode.swift; path = SubwayCalcTests.swift; sourceTree = "<group>"; };
		2DED2E9A1C9DB9FE00698808 /* Base */ = {isa = PBXFileReference; lastKnownFileType = file.storyboard; name = Base; path = Base.lproj/Main.storyboard; sourceTree = "<group>"; };
		4E6DCBBFE4D183C61E897E80 /* Pods-SubwayCalc.release.xcconfig */ = {isa = PBXFileReference; includeInIndex = 1; lastKnownFileType = text.xcconfig; name = "Pods-SubwayCalc.release.xcconfig"; path = "Pods/Target Support Files/Pods-SubwayCalc/Pods-SubwayCalc.release.xcconfig"; sourceTree = "<group>"; };
		5C85DE116D792ACF8EC49597 /* Pods-SubwayCalcTests.release.xcconfig */ = {isa = PBXFileReference; includeInIndex = 1; lastKnownFileType = text.xcconfig; name = "Pods-SubwayCalcTests.release.xcconfig"; path = "Pods/Target Support Files/Pods-SubwayCalcTests/Pods-SubwayCalcTests.release.xcconfig"; sourceTree = "<group>"; };
		83E018F5461FA7675A93A4B7 /* Pods_SubwayCalcTests.framework */ = {isa = PBXFileReference; explicitFileType = wrapper.framework; includeInIndex = 0; path = Pods_SubwayCalcTests.framework; sourceTree = BUILT_PRODUCTS_DIR; };
		A0F07BB93FA2E24EF433F060 /* Pods_SubwayCalc.framework */ = {isa = PBXFileReference; explicitFileType = wrapper.framework; includeInIndex = 0; path = Pods_SubwayCalc.framework; sourceTree = BUILT_PRODUCTS_DIR; };
		A447F510326BBA1EB240967A /* Pods-SubwayCalcTests.debug.xcconfig */ = {isa = PBXFileReference; includeInIndex = 1; lastKnownFileType = text.xcconfig; name = "Pods-SubwayCalcTests.debug.xcconfig"; path = "Pods/Target Support Files/Pods-SubwayCalcTests/Pods-SubwayCalcTests.debug.xcconfig"; sourceTree = "<group>"; };
/* End PBXFileReference section */

/* Begin PBXFrameworksBuildPhase section */
		2DE8F4301B5275A100D50B0C /* Frameworks */ = {
			isa = PBXFrameworksBuildPhase;
			buildActionMask = 2147483647;
			files = (
				EB50B9C719143226A52CD1D2 /* Pods_SubwayCalc.framework in Frameworks */,
			);
			runOnlyForDeploymentPostprocessing = 0;
		};
		2DE8F4451B5275A100D50B0C /* Frameworks */ = {
			isa = PBXFrameworksBuildPhase;
			buildActionMask = 2147483647;
			files = (
				73DDC3D13DB415461604A2FF /* Pods_SubwayCalcTests.framework in Frameworks */,
			);
			runOnlyForDeploymentPostprocessing = 0;
		};
/* End PBXFrameworksBuildPhase section */

/* Begin PBXGroup section */
		2202159E1C6EA40EA6CB72DF /* Pods */ = {
			isa = PBXGroup;
			children = (
				A447F510326BBA1EB240967A /* Pods-SubwayCalcTests.debug.xcconfig */,
				5C85DE116D792ACF8EC49597 /* Pods-SubwayCalcTests.release.xcconfig */,
				02830DEBD82CE79B31CEE796 /* Pods-SubwayCalc.debug.xcconfig */,
				4E6DCBBFE4D183C61E897E80 /* Pods-SubwayCalc.release.xcconfig */,
			);
			name = Pods;
			sourceTree = "<group>";
		};
		2D04DF501CE1F21900C15A00 /* Storyboards */ = {
			isa = PBXGroup;
			children = (
				2DED2E991C9DB9FE00698808 /* Main.storyboard */,
				2D779F201CEDE30500B3E8BB /* About.storyboard */,
				2D779F211CEDE30500B3E8BB /* Calculator.storyboard */,
				2D779F221CEDE30500B3E8BB /* Estimator.storyboard */,
				2D779F251CEDE30500B3E8BB /* Stats.storyboard */,
				2D779F261CEDE30500B3E8BB /* TripLog.storyboard */,
			);
			name = Storyboards;
			path = ..;
			sourceTree = "<group>";
		};
		2D2259431BB21C44009792D8 /* Models */ = {
			isa = PBXGroup;
			children = (
				2D779F421CEDE33700B3E8BB /* CardRefillModel.swift */,
				2D779F431CEDE33700B3E8BB /* RideEstimatorModel.swift */,
				2D779F441CEDE33700B3E8BB /* TripLog.swift */,
			);
			name = Models;
			sourceTree = "<group>";
		};
		2D2259441BB21C64009792D8 /* Controllers */ = {
			isa = PBXGroup;
			children = (
				2D779F351CEDE32000B3E8BB /* RootViewController.swift */,
				2D779F2E1CEDE32000B3E8BB /* AboutViewController.swift */,
				2D779F2F1CEDE32000B3E8BB /* CalculatorViewController.swift */,
				2D779F301CEDE32000B3E8BB /* CounterViewController.swift */,
				2D779F311CEDE32000B3E8BB /* EditDateViewController.swift */,
				2D779F331CEDE32000B3E8BB /* ResultsViewController.swift */,
				2D779F341CEDE32000B3E8BB /* RideEstimatorViewController.swift */,
				2D779F361CEDE32000B3E8BB /* StatsTableViewController.swift */,
				2D779F371CEDE32000B3E8BB /* TripLogTableViewController.swift */,
			);
			name = Controllers;
			sourceTree = "<group>";
		};
		2D779F501CEDE4E300B3E8BB /* Extensions */ = {
			isa = PBXGroup;
			children = (
				2D779F511CEDE4F200B3E8BB /* NSDateExtension.swift */,
				2D779F521CEDE4F200B3E8BB /* UIColorExtension.swift */,
			);
			name = Extensions;
			sourceTree = "<group>";
		};
		2DB453B01C80C798006B40D5 /* Helpers */ = {
			isa = PBXGroup;
			children = (
				2D779F571CEE0AF300B3E8BB /* Menu.swift */,
				2DB453AE1C80C77F006B40D5 /* MixpanelHelper.swift */,
			);
			name = Helpers;
			sourceTree = "<group>";
		};
		2DBCBA7D1BB8599300C3E71A /* Custom VIews */ = {
			isa = PBXGroup;
			children = (
				2D779F481CEDE35500B3E8BB /* CircleButton.swift */,
				2D779F491CEDE35500B3E8BB /* MenuTableViewCell.swift */,
				2D779F4A1CEDE35500B3E8BB /* MoneyButton.swift */,
				2D779F4B1CEDE35500B3E8BB /* SuggestedRefillView.swift */,
			);
			name = "Custom VIews";
			sourceTree = "<group>";
		};
		2DE8F42A1B5275A000D50B0C = {
			isa = PBXGroup;
			children = (
				2DE8F4351B5275A100D50B0C /* SubwayCalc */,
				2DE8F44B1B5275A100D50B0C /* SubwayCalcTests */,
				2DE8F4341B5275A100D50B0C /* Products */,
				2202159E1C6EA40EA6CB72DF /* Pods */,
				930041E0419323AB6C38617C /* Frameworks */,
			);
			sourceTree = "<group>";
		};
		2DE8F4341B5275A100D50B0C /* Products */ = {
			isa = PBXGroup;
			children = (
				2DE8F4331B5275A100D50B0C /* SubwayCalc.app */,
				2DE8F4481B5275A100D50B0C /* SubwayCalcTests.xctest */,
			);
			name = Products;
			sourceTree = "<group>";
		};
		2DE8F4351B5275A100D50B0C /* SubwayCalc */ = {
			isa = PBXGroup;
			children = (
				2D4583D91C5BDAAC00EE787A /* SubwayCalc.entitlements */,
				2D55927F1B626DB300AC9659 /* CounterModel.xcdatamodeld */,
				2DE8F4381B5275A100D50B0C /* AppDelegate.swift */,
				2DE8F43F1B5275A100D50B0C /* Images.xcassets */,
				2D779F501CEDE4E300B3E8BB /* Extensions */,
				2DB453B01C80C798006B40D5 /* Helpers */,
				2D04DF501CE1F21900C15A00 /* Storyboards */,
				2D2259441BB21C64009792D8 /* Controllers */,
				2DBCBA7D1BB8599300C3E71A /* Custom VIews */,
				2D2259431BB21C44009792D8 /* Models */,
				2DE8F4361B5275A100D50B0C /* Supporting Files */,
			);
			path = SubwayCalc;
			sourceTree = "<group>";
		};
		2DE8F4361B5275A100D50B0C /* Supporting Files */ = {
			isa = PBXGroup;
			children = (
				2DE8F4411B5275A100D50B0C /* LaunchScreen.xib */,
				2DE8F4371B5275A100D50B0C /* Info.plist */,
			);
			name = "Supporting Files";
			sourceTree = "<group>";
		};
		2DE8F44B1B5275A100D50B0C /* SubwayCalcTests */ = {
			isa = PBXGroup;
			children = (
				2DE8F44E1B5275A100D50B0C /* SubwayCalcTests.swift */,
				2D22593F1BB21B0A009792D8 /* CardRefillSpec.swift */,
				2DE8F44C1B5275A100D50B0C /* Supporting Files */,
			);
			path = SubwayCalcTests;
			sourceTree = "<group>";
		};
		2DE8F44C1B5275A100D50B0C /* Supporting Files */ = {
			isa = PBXGroup;
			children = (
				2DE8F44D1B5275A100D50B0C /* Info.plist */,
			);
			name = "Supporting Files";
			sourceTree = "<group>";
		};
		930041E0419323AB6C38617C /* Frameworks */ = {
			isa = PBXGroup;
			children = (
				83E018F5461FA7675A93A4B7 /* Pods_SubwayCalcTests.framework */,
				A0F07BB93FA2E24EF433F060 /* Pods_SubwayCalc.framework */,
			);
			name = Frameworks;
			sourceTree = "<group>";
		};
/* End PBXGroup section */

/* Begin PBXNativeTarget section */
		2DE8F4321B5275A100D50B0C /* SubwayCalc */ = {
			isa = PBXNativeTarget;
			buildConfigurationList = 2DE8F4521B5275A100D50B0C /* Build configuration list for PBXNativeTarget "SubwayCalc" */;
			buildPhases = (
				AE8EE9EBE6C2BBFFF676ACBE /* Check Pods Manifest.lock */,
				2DE8F42F1B5275A100D50B0C /* Sources */,
				2DE8F4301B5275A100D50B0C /* Frameworks */,
				2DE8F4311B5275A100D50B0C /* Resources */,
				E4AD9B4777AE550007055359 /* Embed Pods Frameworks */,
				846331436685CDC63D6F2691 /* Copy Pods Resources */,
			);
			buildRules = (
			);
			dependencies = (
			);
			name = SubwayCalc;
			productName = SubwayCalc;
			productReference = 2DE8F4331B5275A100D50B0C /* SubwayCalc.app */;
			productType = "com.apple.product-type.application";
		};
		2DE8F4471B5275A100D50B0C /* SubwayCalcTests */ = {
			isa = PBXNativeTarget;
			buildConfigurationList = 2DE8F4551B5275A100D50B0C /* Build configuration list for PBXNativeTarget "SubwayCalcTests" */;
			buildPhases = (
				D0CBFA66A6E380CAE0E717C8 /* Check Pods Manifest.lock */,
				2DE8F4441B5275A100D50B0C /* Sources */,
				2DE8F4451B5275A100D50B0C /* Frameworks */,
				2DE8F4461B5275A100D50B0C /* Resources */,
				2F13ADE5B1ECCA16AFE265D5 /* Embed Pods Frameworks */,
				44C8AB6357F41FE604A66A6B /* Copy Pods Resources */,
			);
			buildRules = (
			);
			dependencies = (
				2DE8F44A1B5275A100D50B0C /* PBXTargetDependency */,
			);
			name = SubwayCalcTests;
			productName = SubwayCalcTests;
			productReference = 2DE8F4481B5275A100D50B0C /* SubwayCalcTests.xctest */;
			productType = "com.apple.product-type.bundle.unit-test";
		};
/* End PBXNativeTarget section */

/* Begin PBXProject section */
		2DE8F42B1B5275A000D50B0C /* Project object */ = {
			isa = PBXProject;
			attributes = {
				LastSwiftMigration = 0700;
				LastSwiftUpdateCheck = 0700;
				LastUpgradeCheck = 0700;
				ORGANIZATIONNAME = "Katie Smillie";
				TargetAttributes = {
					2DE8F4321B5275A100D50B0C = {
						CreatedOnToolsVersion = 6.4;
						DevelopmentTeam = BA5KZE6545;
						SystemCapabilities = {
							com.apple.SafariKeychain = {
								enabled = 1;
							};
						};
					};
					2DE8F4471B5275A100D50B0C = {
						CreatedOnToolsVersion = 6.4;
						TestTargetID = 2DE8F4321B5275A100D50B0C;
					};
				};
			};
			buildConfigurationList = 2DE8F42E1B5275A000D50B0C /* Build configuration list for PBXProject "SubwayCalc" */;
			compatibilityVersion = "Xcode 3.2";
			developmentRegion = English;
			hasScannedForEncodings = 0;
			knownRegions = (
				en,
				Base,
			);
			mainGroup = 2DE8F42A1B5275A000D50B0C;
			productRefGroup = 2DE8F4341B5275A100D50B0C /* Products */;
			projectDirPath = "";
			projectRoot = "";
			targets = (
				2DE8F4321B5275A100D50B0C /* SubwayCalc */,
				2DE8F4471B5275A100D50B0C /* SubwayCalcTests */,
			);
		};
/* End PBXProject section */

/* Begin PBXResourcesBuildPhase section */
		2DE8F4311B5275A100D50B0C /* Resources */ = {
			isa = PBXResourcesBuildPhase;
			buildActionMask = 2147483647;
			files = (
				2DE8F4431B5275A100D50B0C /* LaunchScreen.xib in Resources */,
				2D779F2C1CEDE30500B3E8BB /* Stats.storyboard in Resources */,
				2DE8F4401B5275A100D50B0C /* Images.xcassets in Resources */,
				2D779F291CEDE30500B3E8BB /* Estimator.storyboard in Resources */,
				2DED2E9B1C9DB9FE00698808 /* Main.storyboard in Resources */,
				2D779F2D1CEDE30500B3E8BB /* TripLog.storyboard in Resources */,
				2D779F281CEDE30500B3E8BB /* Calculator.storyboard in Resources */,
				2D779F271CEDE30500B3E8BB /* About.storyboard in Resources */,
			);
			runOnlyForDeploymentPostprocessing = 0;
		};
		2DE8F4461B5275A100D50B0C /* Resources */ = {
			isa = PBXResourcesBuildPhase;
			buildActionMask = 2147483647;
			files = (
			);
			runOnlyForDeploymentPostprocessing = 0;
		};
/* End PBXResourcesBuildPhase section */

/* Begin PBXShellScriptBuildPhase section */
		2F13ADE5B1ECCA16AFE265D5 /* Embed Pods Frameworks */ = {
			isa = PBXShellScriptBuildPhase;
			buildActionMask = 2147483647;
			files = (
			);
			inputPaths = (
			);
			name = "Embed Pods Frameworks";
			outputPaths = (
			);
			runOnlyForDeploymentPostprocessing = 0;
			shellPath = /bin/sh;
			shellScript = "\"${SRCROOT}/Pods/Target Support Files/Pods-SubwayCalcTests/Pods-SubwayCalcTests-frameworks.sh\"\n";
			showEnvVarsInLog = 0;
		};
		44C8AB6357F41FE604A66A6B /* Copy Pods Resources */ = {
			isa = PBXShellScriptBuildPhase;
			buildActionMask = 2147483647;
			files = (
			);
			inputPaths = (
			);
			name = "Copy Pods Resources";
			outputPaths = (
			);
			runOnlyForDeploymentPostprocessing = 0;
			shellPath = /bin/sh;
			shellScript = "\"${SRCROOT}/Pods/Target Support Files/Pods-SubwayCalcTests/Pods-SubwayCalcTests-resources.sh\"\n";
			showEnvVarsInLog = 0;
		};
		846331436685CDC63D6F2691 /* Copy Pods Resources */ = {
			isa = PBXShellScriptBuildPhase;
			buildActionMask = 2147483647;
			files = (
			);
			inputPaths = (
			);
			name = "Copy Pods Resources";
			outputPaths = (
			);
			runOnlyForDeploymentPostprocessing = 0;
			shellPath = /bin/sh;
			shellScript = "\"${SRCROOT}/Pods/Target Support Files/Pods-SubwayCalc/Pods-SubwayCalc-resources.sh\"\n";
			showEnvVarsInLog = 0;
		};
		AE8EE9EBE6C2BBFFF676ACBE /* Check Pods Manifest.lock */ = {
			isa = PBXShellScriptBuildPhase;
			buildActionMask = 2147483647;
			files = (
			);
			inputPaths = (
			);
			name = "Check Pods Manifest.lock";
			outputPaths = (
			);
			runOnlyForDeploymentPostprocessing = 0;
			shellPath = /bin/sh;
			shellScript = "diff \"${PODS_ROOT}/../Podfile.lock\" \"${PODS_ROOT}/Manifest.lock\" > /dev/null\nif [[ $? != 0 ]] ; then\n    cat << EOM\nerror: The sandbox is not in sync with the Podfile.lock. Run 'pod install' or update your CocoaPods installation.\nEOM\n    exit 1\nfi\n";
			showEnvVarsInLog = 0;
		};
		D0CBFA66A6E380CAE0E717C8 /* Check Pods Manifest.lock */ = {
			isa = PBXShellScriptBuildPhase;
			buildActionMask = 2147483647;
			files = (
			);
			inputPaths = (
			);
			name = "Check Pods Manifest.lock";
			outputPaths = (
			);
			runOnlyForDeploymentPostprocessing = 0;
			shellPath = /bin/sh;
			shellScript = "diff \"${PODS_ROOT}/../Podfile.lock\" \"${PODS_ROOT}/Manifest.lock\" > /dev/null\nif [[ $? != 0 ]] ; then\n    cat << EOM\nerror: The sandbox is not in sync with the Podfile.lock. Run 'pod install' or update your CocoaPods installation.\nEOM\n    exit 1\nfi\n";
			showEnvVarsInLog = 0;
		};
		E4AD9B4777AE550007055359 /* Embed Pods Frameworks */ = {
			isa = PBXShellScriptBuildPhase;
			buildActionMask = 2147483647;
			files = (
			);
			inputPaths = (
			);
			name = "Embed Pods Frameworks";
			outputPaths = (
			);
			runOnlyForDeploymentPostprocessing = 0;
			shellPath = /bin/sh;
			shellScript = "\"${SRCROOT}/Pods/Target Support Files/Pods-SubwayCalc/Pods-SubwayCalc-frameworks.sh\"\n";
			showEnvVarsInLog = 0;
		};
/* End PBXShellScriptBuildPhase section */

/* Begin PBXSourcesBuildPhase section */
		2DE8F42F1B5275A100D50B0C /* Sources */ = {
			isa = PBXSourcesBuildPhase;
			buildActionMask = 2147483647;
			files = (
				2D779F4C1CEDE35500B3E8BB /* CircleButton.swift in Sources */,
				2D779F461CEDE33700B3E8BB /* RideEstimatorModel.swift in Sources */,
				2D779F3A1CEDE32000B3E8BB /* CounterViewController.swift in Sources */,
				2D779F3D1CEDE32000B3E8BB /* ResultsViewController.swift in Sources */,
				2D779F411CEDE32000B3E8BB /* TripLogTableViewController.swift in Sources */,
				2D779F581CEE0AF300B3E8BB /* Menu.swift in Sources */,
				2D779F401CEDE32000B3E8BB /* StatsTableViewController.swift in Sources */,
				2D779F4D1CEDE35500B3E8BB /* MenuTableViewCell.swift in Sources */,
				2D779F471CEDE33700B3E8BB /* TripLog.swift in Sources */,
				2D779F531CEDE4F200B3E8BB /* NSDateExtension.swift in Sources */,
				2D779F451CEDE33700B3E8BB /* CardRefillModel.swift in Sources */,
				2D779F391CEDE32000B3E8BB /* CalculatorViewController.swift in Sources */,
				2D5592811B626DB300AC9659 /* CounterModel.xcdatamodeld in Sources */,
				2D779F4F1CEDE35500B3E8BB /* SuggestedRefillView.swift in Sources */,
				2D779F3E1CEDE32000B3E8BB /* RideEstimatorViewController.swift in Sources */,
				2D779F3B1CEDE32000B3E8BB /* EditDateViewController.swift in Sources */,
				2D779F3F1CEDE32000B3E8BB /* RootViewController.swift in Sources */,
				2DE8F4391B5275A100D50B0C /* AppDelegate.swift in Sources */,
				2DB453AF1C80C77F006B40D5 /* MixpanelHelper.swift in Sources */,
				2D779F541CEDE4F200B3E8BB /* UIColorExtension.swift in Sources */,
				2D779F381CEDE32000B3E8BB /* AboutViewController.swift in Sources */,
				2D779F4E1CEDE35500B3E8BB /* MoneyButton.swift in Sources */,
			);
			runOnlyForDeploymentPostprocessing = 0;
		};
		2DE8F4441B5275A100D50B0C /* Sources */ = {
			isa = PBXSourcesBuildPhase;
			buildActionMask = 2147483647;
			files = (
				2D2259401BB21B0A009792D8 /* CardRefillSpec.swift in Sources */,
				2DE8F44F1B5275A100D50B0C /* SubwayCalcTests.swift in Sources */,
			);
			runOnlyForDeploymentPostprocessing = 0;
		};
/* End PBXSourcesBuildPhase section */

/* Begin PBXTargetDependency section */
		2DE8F44A1B5275A100D50B0C /* PBXTargetDependency */ = {
			isa = PBXTargetDependency;
			target = 2DE8F4321B5275A100D50B0C /* SubwayCalc */;
			targetProxy = 2DE8F4491B5275A100D50B0C /* PBXContainerItemProxy */;
		};
/* End PBXTargetDependency section */

/* Begin PBXVariantGroup section */
		2DE8F4411B5275A100D50B0C /* LaunchScreen.xib */ = {
			isa = PBXVariantGroup;
			children = (
				2DE8F4421B5275A100D50B0C /* Base */,
			);
			name = LaunchScreen.xib;
			sourceTree = "<group>";
		};
		2DED2E991C9DB9FE00698808 /* Main.storyboard */ = {
			isa = PBXVariantGroup;
			children = (
				2DED2E9A1C9DB9FE00698808 /* Base */,
			);
			name = Main.storyboard;
			path = SubwayCalc;
			sourceTree = "<group>";
		};
/* End PBXVariantGroup section */

/* Begin XCBuildConfiguration section */
		2DE8F4501B5275A100D50B0C /* Debug */ = {
			isa = XCBuildConfiguration;
			buildSettings = {
				ALWAYS_SEARCH_USER_PATHS = NO;
				CLANG_CXX_LANGUAGE_STANDARD = "gnu++0x";
				CLANG_CXX_LIBRARY = "libc++";
				CLANG_ENABLE_MODULES = YES;
				CLANG_ENABLE_OBJC_ARC = YES;
				CLANG_WARN_BOOL_CONVERSION = YES;
				CLANG_WARN_CONSTANT_CONVERSION = YES;
				CLANG_WARN_DIRECT_OBJC_ISA_USAGE = YES_ERROR;
				CLANG_WARN_EMPTY_BODY = YES;
				CLANG_WARN_ENUM_CONVERSION = YES;
				CLANG_WARN_INT_CONVERSION = YES;
				CLANG_WARN_OBJC_ROOT_CLASS = YES_ERROR;
				CLANG_WARN_UNREACHABLE_CODE = YES;
				CLANG_WARN__DUPLICATE_METHOD_MATCH = YES;
				"CODE_SIGN_IDENTITY[sdk=iphoneos*]" = "iPhone Developer";
				COPY_PHASE_STRIP = NO;
				DEBUG_INFORMATION_FORMAT = "dwarf-with-dsym";
				ENABLE_BITCODE = NO;
				ENABLE_STRICT_OBJC_MSGSEND = YES;
				ENABLE_TESTABILITY = YES;
				GCC_C_LANGUAGE_STANDARD = gnu99;
				GCC_DYNAMIC_NO_PIC = NO;
				GCC_NO_COMMON_BLOCKS = YES;
				GCC_OPTIMIZATION_LEVEL = 0;
				GCC_PREPROCESSOR_DEFINITIONS = (
					"DEBUG=1",
					"$(inherited)",
				);
				GCC_SYMBOLS_PRIVATE_EXTERN = NO;
				GCC_WARN_64_TO_32_BIT_CONVERSION = YES;
				GCC_WARN_ABOUT_RETURN_TYPE = YES_ERROR;
				GCC_WARN_UNDECLARED_SELECTOR = YES;
				GCC_WARN_UNINITIALIZED_AUTOS = YES_AGGRESSIVE;
				GCC_WARN_UNUSED_FUNCTION = YES;
				GCC_WARN_UNUSED_VARIABLE = YES;
				IPHONEOS_DEPLOYMENT_TARGET = 9.0;
				MTL_ENABLE_DEBUG_INFO = YES;
				ONLY_ACTIVE_ARCH = YES;
				SDKROOT = iphoneos;
				SWIFT_OPTIMIZATION_LEVEL = "-Onone";
				TARGETED_DEVICE_FAMILY = "1,2";
			};
			name = Debug;
		};
		2DE8F4511B5275A100D50B0C /* Release */ = {
			isa = XCBuildConfiguration;
			buildSettings = {
				ALWAYS_SEARCH_USER_PATHS = NO;
				CLANG_CXX_LANGUAGE_STANDARD = "gnu++0x";
				CLANG_CXX_LIBRARY = "libc++";
				CLANG_ENABLE_MODULES = YES;
				CLANG_ENABLE_OBJC_ARC = YES;
				CLANG_WARN_BOOL_CONVERSION = YES;
				CLANG_WARN_CONSTANT_CONVERSION = YES;
				CLANG_WARN_DIRECT_OBJC_ISA_USAGE = YES_ERROR;
				CLANG_WARN_EMPTY_BODY = YES;
				CLANG_WARN_ENUM_CONVERSION = YES;
				CLANG_WARN_INT_CONVERSION = YES;
				CLANG_WARN_OBJC_ROOT_CLASS = YES_ERROR;
				CLANG_WARN_UNREACHABLE_CODE = YES;
				CLANG_WARN__DUPLICATE_METHOD_MATCH = YES;
				"CODE_SIGN_IDENTITY[sdk=iphoneos*]" = "iPhone Developer";
				COPY_PHASE_STRIP = NO;
				DEBUG_INFORMATION_FORMAT = "dwarf-with-dsym";
				ENABLE_BITCODE = NO;
				ENABLE_NS_ASSERTIONS = NO;
				ENABLE_STRICT_OBJC_MSGSEND = YES;
				ENABLE_TESTABILITY = YES;
				GCC_C_LANGUAGE_STANDARD = gnu99;
				GCC_NO_COMMON_BLOCKS = YES;
				GCC_WARN_64_TO_32_BIT_CONVERSION = YES;
				GCC_WARN_ABOUT_RETURN_TYPE = YES_ERROR;
				GCC_WARN_UNDECLARED_SELECTOR = YES;
				GCC_WARN_UNINITIALIZED_AUTOS = YES_AGGRESSIVE;
				GCC_WARN_UNUSED_FUNCTION = YES;
				GCC_WARN_UNUSED_VARIABLE = YES;
				IPHONEOS_DEPLOYMENT_TARGET = 9.0;
				MTL_ENABLE_DEBUG_INFO = NO;
				SDKROOT = iphoneos;
				TARGETED_DEVICE_FAMILY = "1,2";
				VALIDATE_PRODUCT = YES;
			};
			name = Release;
		};
		2DE8F4531B5275A100D50B0C /* Debug */ = {
			isa = XCBuildConfiguration;
			baseConfigurationReference = 02830DEBD82CE79B31CEE796 /* Pods-SubwayCalc.debug.xcconfig */;
			buildSettings = {
				ASSETCATALOG_COMPILER_APPICON_NAME = AppIcon;
				CODE_SIGN_ENTITLEMENTS = SubwayCalc/SubwayCalc.entitlements;
				CODE_SIGN_IDENTITY = "iPhone Developer";
				"CODE_SIGN_IDENTITY[sdk=iphoneos*]" = "iPhone Developer";
				DEFINES_MODULE = YES;
				ENABLE_BITCODE = NO;
				FRAMEWORK_SEARCH_PATHS = (
					"$(inherited)",
					"$(PROJECT_DIR)",
				);
				INFOPLIST_FILE = SubwayCalc/Info.plist;
				IPHONEOS_DEPLOYMENT_TARGET = 9.0;
				LD_RUNPATH_SEARCH_PATHS = "$(inherited) @executable_path/Frameworks";
				PRODUCT_BUNDLE_IDENTIFIER = "com.katiesmillie.$(PRODUCT_NAME:rfc1034identifier)";
				PRODUCT_NAME = "$(TARGET_NAME)";
				PROVISIONING_PROFILE = "";
				TARGETED_DEVICE_FAMILY = "1,2";
			};
			name = Debug;
		};
		2DE8F4541B5275A100D50B0C /* Release */ = {
			isa = XCBuildConfiguration;
			baseConfigurationReference = 4E6DCBBFE4D183C61E897E80 /* Pods-SubwayCalc.release.xcconfig */;
			buildSettings = {
				ASSETCATALOG_COMPILER_APPICON_NAME = AppIcon;
				CODE_SIGN_ENTITLEMENTS = SubwayCalc/SubwayCalc.entitlements;
				CODE_SIGN_IDENTITY = "iPhone Developer";
				"CODE_SIGN_IDENTITY[sdk=iphoneos*]" = "iPhone Developer";
				DEFINES_MODULE = YES;
				ENABLE_BITCODE = NO;
				ENABLE_TESTABILITY = YES;
				FRAMEWORK_SEARCH_PATHS = (
					"$(inherited)",
					"$(PROJECT_DIR)",
				);
				INFOPLIST_FILE = SubwayCalc/Info.plist;
				IPHONEOS_DEPLOYMENT_TARGET = 9.0;
				LD_RUNPATH_SEARCH_PATHS = "$(inherited) @executable_path/Frameworks";
				PRODUCT_BUNDLE_IDENTIFIER = "com.katiesmillie.$(PRODUCT_NAME:rfc1034identifier)";
				PRODUCT_NAME = "$(TARGET_NAME)";
				PROVISIONING_PROFILE = "";
				TARGETED_DEVICE_FAMILY = "1,2";
			};
			name = Release;
		};
		2DE8F4561B5275A100D50B0C /* Debug */ = {
			isa = XCBuildConfiguration;
			baseConfigurationReference = A447F510326BBA1EB240967A /* Pods-SubwayCalcTests.debug.xcconfig */;
			buildSettings = {
				BUNDLE_LOADER = "$(TEST_HOST)";
				DEFINES_MODULE = YES;
				FRAMEWORK_SEARCH_PATHS = "";
				GCC_PREPROCESSOR_DEFINITIONS = (
					"DEBUG=1",
					"$(inherited)",
				);
				INFOPLIST_FILE = SubwayCalcTests/Info.plist;
				LD_RUNPATH_SEARCH_PATHS = "$(inherited) @executable_path/Frameworks @loader_path/Frameworks";
				PRODUCT_BUNDLE_IDENTIFIER = "com.katiesmillie.$(PRODUCT_NAME:rfc1034identifier)";
				PRODUCT_NAME = "$(TARGET_NAME)";
				TEST_HOST = "$(BUILT_PRODUCTS_DIR)/SubwayCalc.app/SubwayCalc";
			};
			name = Debug;
		};
		2DE8F4571B5275A100D50B0C /* Release */ = {
			isa = XCBuildConfiguration;
			baseConfigurationReference = 5C85DE116D792ACF8EC49597 /* Pods-SubwayCalcTests.release.xcconfig */;
			buildSettings = {
				BUNDLE_LOADER = "$(TEST_HOST)";
				DEFINES_MODULE = YES;
				FRAMEWORK_SEARCH_PATHS = "";
				INFOPLIST_FILE = SubwayCalcTests/Info.plist;
				LD_RUNPATH_SEARCH_PATHS = "$(inherited) @executable_path/Frameworks @loader_path/Frameworks";
				PRODUCT_BUNDLE_IDENTIFIER = "com.katiesmillie.$(PRODUCT_NAME:rfc1034identifier)";
				PRODUCT_NAME = "$(TARGET_NAME)";
				TEST_HOST = "$(BUILT_PRODUCTS_DIR)/SubwayCalc.app/SubwayCalc";
			};
			name = Release;
		};
/* End XCBuildConfiguration section */

/* Begin XCConfigurationList section */
		2DE8F42E1B5275A000D50B0C /* Build configuration list for PBXProject "SubwayCalc" */ = {
			isa = XCConfigurationList;
			buildConfigurations = (
				2DE8F4501B5275A100D50B0C /* Debug */,
				2DE8F4511B5275A100D50B0C /* Release */,
			);
			defaultConfigurationIsVisible = 0;
			defaultConfigurationName = Debug;
		};
		2DE8F4521B5275A100D50B0C /* Build configuration list for PBXNativeTarget "SubwayCalc" */ = {
			isa = XCConfigurationList;
			buildConfigurations = (
				2DE8F4531B5275A100D50B0C /* Debug */,
				2DE8F4541B5275A100D50B0C /* Release */,
			);
			defaultConfigurationIsVisible = 0;
			defaultConfigurationName = Debug;
		};
		2DE8F4551B5275A100D50B0C /* Build configuration list for PBXNativeTarget "SubwayCalcTests" */ = {
			isa = XCConfigurationList;
			buildConfigurations = (
				2DE8F4561B5275A100D50B0C /* Debug */,
				2DE8F4571B5275A100D50B0C /* Release */,
			);
			defaultConfigurationIsVisible = 0;
			defaultConfigurationName = Debug;
		};
/* End XCConfigurationList section */

/* Begin XCVersionGroup section */
		2D55927F1B626DB300AC9659 /* CounterModel.xcdatamodeld */ = {
			isa = XCVersionGroup;
			children = (
				2D5592801B626DB300AC9659 /* CounterModel.xcdatamodel */,
			);
			currentVersion = 2D5592801B626DB300AC9659 /* CounterModel.xcdatamodel */;
			path = CounterModel.xcdatamodeld;
			sourceTree = "<group>";
			versionGroupType = wrapper.xcdatamodel;
		};
/* End XCVersionGroup section */
	};
	rootObject = 2DE8F42B1B5275A000D50B0C /* Project object */;
}
